{
    "_meta": {
        "hash": {
            "sha256": "2bc92bddf206fcfc27f5f1ecb1a3c2a79bffa63c7f41b11bb61437c54d4eea34"
        },
        "pipfile-spec": 6,
        "requires": {
            "python_version": "3.13"
        },
        "sources": [
            {
                "name": "pypi",
                "url": "https://pypi.org/simple",
                "verify_ssl": true
            }
        ]
    },
    "default": {
        "annotated-types": {
            "hashes": [
                "sha256:1f02e8b43a8fbbc3f3e0d4f0f4bfc8131bcb4eebe8849b8e5c773f3a1c582a53",
                "sha256:aff07c09a53a08bc8cfccb9c85b05f1aa9a2a6f23728d790723543408344ce89"
            ],
            "markers": "python_version >= '3.8'",
            "version": "==0.7.0"
        },
        "anyio": {
            "hashes": [
                "sha256:673c0c244e15788651a4ff38710fea9675823028a6f08a5eda409e0c9840a028",
                "sha256:9f76d541cad6e36af7beb62e978876f3b41e3e04f2c1fbf0884604c0a9c4d93c"
            ],
            "markers": "python_version >= '3.9'",
            "version": "==4.9.0"
        },
        "click": {
            "hashes": [
                "sha256:63c132bbbed01578a06712a2d1f497bb62d9c1c0d329b7903a866228027263b2",
                "sha256:ed53c9d8990d83c2a27deae68e4ee337473f6330c040a31d4225c9574d16096a"
            ],
            "markers": "python_version >= '3.7'",
            "version": "==8.1.8"
        },
        "colorama": {
            "hashes": [
                "sha256:08695f5cb7ed6e0531a20572697297273c47b8cae5a63ffc6d6ed5c201be6e44",
                "sha256:4f1d9991f5acc0ca119f9d443620b77f9d6b33703e51011c16baf57afb285fc6"
            ],
            "markers": "python_version >= '2.7' and python_version not in '3.0, 3.1, 3.2, 3.3, 3.4, 3.5, 3.6'",
            "version": "==0.4.6"
        },
        "dnspython": {
            "hashes": [
                "sha256:b4c34b7d10b51bcc3a5071e7b8dee77939f1e878477eeecc965e9835f63c6c86",
                "sha256:ce9c432eda0dc91cf618a5cedf1a4e142651196bbcd2c80e89ed5a907e5cfaf1"
            ],
            "markers": "python_version >= '3.9'",
            "version": "==2.7.0"
        },
        "dotenv": {
            "hashes": [
                "sha256:29cf74a087b31dafdb5a446b6d7e11cbce8ed2741540e2339c69fbef92c94ce9"
            ],
            "index": "pypi",
            "version": "==0.9.9"
        },
        "fastapi": {
            "hashes": [
                "sha256:1e2c2a2646905f9e83d32f04a3f86aff4a286669c6c950ca95b5fd68c2602681",
                "sha256:e94613d6c05e27be7ffebdd6ea5f388112e5e430c8f7d6494a9d1d88d43e814d"
            ],
            "index": "pypi",
            "markers": "python_version >= '3.8'",
            "version": "==0.115.12"
        },
        "h11": {
            "hashes": [
                "sha256:8f19fbbe99e72420ff35c00b27a34cb9937e902a8b810e2c88300c6f0a3b699d",
                "sha256:e3fe4ac4b851c468cc8363d500db52c2ead036020723024a109d37346efaa761"
            ],
            "markers": "python_version >= '3.7'",
            "version": "==0.14.0"
        },
        "idna": {
            "hashes": [
                "sha256:12f65c9b470abda6dc35cf8e63cc574b1c52b11df2c86030af0ac09b01b13ea9",
                "sha256:946d195a0d259cbba61165e88e65941f16e9b36ea6ddb97f00452bae8b1287d3"
            ],
            "markers": "python_version >= '3.6'",
            "version": "==3.10"
        },
        "motor": {
            "hashes": [
                "sha256:0dfa1f12c812bd90819c519b78bed626b5a9dbb29bba079ccff2bfa8627e0fec",
                "sha256:61bdf1afded179f008d423f98066348157686f25a90776ea155db5f47f57d605"
            ],
            "index": "pypi",
            "markers": "python_version >= '3.9'",
            "version": "==3.7.0"
        },
        "pydantic": {
            "hashes": [
                "sha256:427d664bf0b8a2b34ff5dd0f5a18df00591adcee7198fbd71981054cef37b584",
                "sha256:ca5daa827cce33de7a42be142548b0096bf05a7e7b365aebfa5f8eeec7128236"
            ],
            "markers": "python_version >= '3.8'",
            "version": "==2.10.6"
        },
        "pydantic-core": {
            "hashes": [
                "sha256:00bad2484fa6bda1e216e7345a798bd37c68fb2d97558edd584942aa41b7d278",
                "sha256:0296abcb83a797db256b773f45773da397da75a08f5fcaef41f2044adec05f50",
                "sha256:03d0f86ea3184a12f41a2d23f7ccb79cdb5a18e06993f8a45baa8dfec746f0e9",
                "sha256:044a50963a614ecfae59bb1eaf7ea7efc4bc62f49ed594e18fa1e5d953c40e9f",
                "sha256:05e3a55d124407fffba0dd6b0c0cd056d10e983ceb4e5dbd10dda135c31071d6",
                "sha256:08e125dbdc505fa69ca7d9c499639ab6407cfa909214d500897d02afb816e7cc",
                "sha256:097830ed52fd9e427942ff3b9bc17fab52913b2f50f2880dc4a5611446606a54",
                "sha256:0d1e85068e818c73e048fe28cfc769040bb1f475524f4745a5dc621f75ac7630",
                "sha256:0d75070718e369e452075a6017fbf187f788e17ed67a3abd47fa934d001863d9",
                "sha256:14d4a5c49d2f009d62a2a7140d3064f686d17a5d1a268bc641954ba181880236",
                "sha256:172fce187655fece0c90d90a678424b013f8fbb0ca8b036ac266749c09438cb7",
                "sha256:18a101c168e4e092ab40dbc2503bdc0f62010e95d292b27827871dc85450d7ee",
                "sha256:1a4207639fb02ec2dbb76227d7c751a20b1a6b4bc52850568e52260cae64ca3b",
                "sha256:1c1fd185014191700554795c99b347d64f2bb637966c4cfc16998a0ca700d048",
                "sha256:1e2cb691ed9834cd6a8be61228471d0a503731abfb42f82458ff27be7b2186fc",
                "sha256:1ebaf1d0481914d004a573394f4be3a7616334be70261007e47c2a6fe7e50130",
                "sha256:220f892729375e2d736b97d0e51466252ad84c51857d4d15f5e9692f9ef12be4",
                "sha256:251136cdad0cb722e93732cb45ca5299fb56e1344a833640bf93b2803f8d1bfd",
                "sha256:26f0d68d4b235a2bae0c3fc585c585b4ecc51382db0e3ba402a22cbc440915e4",
                "sha256:26f32e0adf166a84d0cb63be85c562ca8a6fa8de28e5f0d92250c6b7e9e2aff7",
                "sha256:280d219beebb0752699480fe8f1dc61ab6615c2046d76b7ab7ee38858de0a4e7",
                "sha256:28ccb213807e037460326424ceb8b5245acb88f32f3d2777427476e1b32c48c4",
                "sha256:2bf14caea37e91198329b828eae1618c068dfb8ef17bb33287a7ad4b61ac314e",
                "sha256:2d367ca20b2f14095a8f4fa1210f5a7b78b8a20009ecced6b12818f455b1e9fa",
                "sha256:30c5f68ded0c36466acede341551106821043e9afaad516adfb6e8fa80a4e6a6",
                "sha256:337b443af21d488716f8d0b6164de833e788aa6bd7e3a39c005febc1284f4962",
                "sha256:3911ac9284cd8a1792d3cb26a2da18f3ca26c6908cc434a18f730dc0db7bfa3b",
                "sha256:3d591580c34f4d731592f0e9fe40f9cc1b430d297eecc70b962e93c5c668f15f",
                "sha256:3de3ce3c9ddc8bbd88f6e0e304dea0e66d843ec9de1b0042b0911c1663ffd474",
                "sha256:3de9961f2a346257caf0aa508a4da705467f53778e9ef6fe744c038119737ef5",
                "sha256:40d02e7d45c9f8af700f3452f329ead92da4c5f4317ca9b896de7ce7199ea459",
                "sha256:42c5f762659e47fdb7b16956c71598292f60a03aa92f8b6351504359dbdba6cf",
                "sha256:47956ae78b6422cbd46f772f1746799cbb862de838fd8d1fbd34a82e05b0983a",
                "sha256:491a2b73db93fab69731eaee494f320faa4e093dbed776be1a829c2eb222c34c",
                "sha256:4c9775e339e42e79ec99c441d9730fccf07414af63eac2f0e48e08fd38a64d76",
                "sha256:4e0b4220ba5b40d727c7f879eac379b822eee5d8fff418e9d3381ee45b3b0362",
                "sha256:50a68f3e3819077be2c98110c1f9dcb3817e93f267ba80a2c05bb4f8799e2ff4",
                "sha256:519f29f5213271eeeeb3093f662ba2fd512b91c5f188f3bb7b27bc5973816934",
                "sha256:521eb9b7f036c9b6187f0b47318ab0d7ca14bd87f776240b90b21c1f4f149320",
                "sha256:57762139821c31847cfb2df63c12f725788bd9f04bc2fb392790959b8f70f118",
                "sha256:5e4f4bb20d75e9325cc9696c6802657b58bc1dbbe3022f32cc2b2b632c3fbb96",
                "sha256:5e68c4446fe0810e959cdff46ab0a41ce2f2c86d227d96dc3847af0ba7def306",
                "sha256:669e193c1c576a58f132e3158f9dfa9662969edb1a250c54d8fa52590045f046",
                "sha256:688d3fd9fcb71f41c4c015c023d12a79d1c4c0732ec9eb35d96e3388a120dcf3",
                "sha256:6fb4aadc0b9a0c063206846d603b92030eb6f03069151a625667f982887153e2",
                "sha256:7041c36f5680c6e0f08d922aed302e98b3745d97fe1589db0a3eebf6624523af",
                "sha256:71b24c7d61131bb83df10cc7e687433609963a944ccf45190cfc21e0887b08c9",
                "sha256:77d1bca19b0f7021b3a982e6f903dcd5b2b06076def36a652e3907f596e29f67",
                "sha256:7969e133a6f183be60e9f6f56bfae753585680f3b7307a8e555a948d443cc05a",
                "sha256:7a66efda2387de898c8f38c0cf7f14fca0b51a8ef0b24bfea5849f1b3c95af27",
                "sha256:7d0c8399fcc1848491f00e0314bd59fb34a9c008761bcb422a057670c3f65e35",
                "sha256:7d14bd329640e63852364c306f4d23eb744e0f8193148d4044dd3dacdaacbd8b",
                "sha256:7e17b560be3c98a8e3aa66ce828bdebb9e9ac6ad5466fba92eb74c4c95cb1151",
                "sha256:8083d4e875ebe0b864ffef72a4304827015cff328a1be6e22cc850753bfb122b",
                "sha256:82f91663004eb8ed30ff478d77c4d1179b3563df6cdb15c0817cd1cdaf34d154",
                "sha256:82f986faf4e644ffc189a7f1aafc86e46ef70372bb153e7001e8afccc6e54133",
                "sha256:83097677b8e3bd7eaa6775720ec8e0405f1575015a463285a92bfdfe254529ef",
                "sha256:85210c4d99a0114f5a9481b44560d7d1e35e32cc5634c656bc48e590b669b145",
                "sha256:8c19d1ea0673cd13cc2f872f6c9ab42acc4e4f492a7ca9d3795ce2b112dd7e15",
                "sha256:8d9b3388db186ba0c099a6d20f0604a44eabdeef1777ddd94786cdae158729e4",
                "sha256:8e10c99ef58cfdf2a66fc15d66b16c4a04f62bca39db589ae8cba08bc55331bc",
                "sha256:953101387ecf2f5652883208769a79e48db18c6df442568a0b5ccd8c2723abee",
                "sha256:9c3ed807c7b91de05e63930188f19e921d1fe90de6b4f5cd43ee7fcc3525cb8c",
                "sha256:9e0c8cfefa0ef83b4da9588448b6d8d2a2bf1a53c3f1ae5fca39eb3061e2f0b0",
                "sha256:9fdbe7629b996647b99c01b37f11170a57ae675375b14b8c13b8518b8320ced5",
                "sha256:a0fcd29cd6b4e74fe8ddd2c90330fd8edf2e30cb52acda47f06dd615ae72da57",
                "sha256:ac4dbfd1691affb8f48c2c13241a2e3b60ff23247cbcf981759c768b6633cf8b",
                "sha256:b0cb791f5b45307caae8810c2023a184c74605ec3bcbb67d13846c28ff731ff8",
                "sha256:ba5dd002f88b78a4215ed2f8ddbdf85e8513382820ba15ad5ad8955ce0ca19a1",
                "sha256:bca101c00bff0adb45a833f8451b9105d9df18accb8743b08107d7ada14bd7da",
                "sha256:bd8086fa684c4775c27f03f062cbb9eaa6e17f064307e86b21b9e0abc9c0f02e",
                "sha256:bec317a27290e2537f922639cafd54990551725fc844249e64c523301d0822fc",
                "sha256:c10eb4f1659290b523af58fa7cffb452a61ad6ae5613404519aee4bfbf1df993",
                "sha256:c33939a82924da9ed65dab5a65d427205a73181d8098e79b6b426bdf8ad4e656",
                "sha256:c61709a844acc6bf0b7dce7daae75195a10aac96a596ea1b776996414791ede4",
                "sha256:c70c26d2c99f78b125a3459f8afe1aed4d9687c24fd677c6a4436bc042e50d6c",
                "sha256:c817e2b40aba42bac6f457498dacabc568c3b7a986fc9ba7c8d9d260b71485fb",
                "sha256:cabb9bcb7e0d97f74df8646f34fc76fbf793b7f6dc2438517d7a9e50eee4f14d",
                "sha256:cc3f1a99a4f4f9dd1de4fe0312c114e740b5ddead65bb4102884b384c15d8bc9",
                "sha256:cca63613e90d001b9f2f9a9ceb276c308bfa2a43fafb75c8031c4f66039e8c6e",
                "sha256:ce8918cbebc8da707ba805b7fd0b382816858728ae7fe19a942080c24e5b7cd1",
                "sha256:d2088237af596f0a524d3afc39ab3b036e8adb054ee57cbb1dcf8e09da5b29cc",
                "sha256:d262606bf386a5ba0b0af3b97f37c83d7011439e3dc1a9298f21efb292e42f1a",
                "sha256:d2d63f1215638d28221f664596b1ccb3944f6e25dd18cd3b86b0a4c408d5ebb9",
                "sha256:d3e8d504bdd3f10835468f29008d72fc8359d95c9c415ce6e767203db6127506",
                "sha256:d4041c0b966a84b4ae7a09832eb691a35aec90910cd2dbe7a208de59be77965b",
                "sha256:d716e2e30c6f140d7560ef1538953a5cd1a87264c737643d481f2779fc247fe1",
                "sha256:d81d2068e1c1228a565af076598f9e7451712700b673de8f502f0334f281387d",
                "sha256:d9640b0059ff4f14d1f37321b94061c6db164fbe49b334b31643e0528d100d99",
                "sha256:de3cd1899e2c279b140adde9357c4495ed9d47131b4a4eaff9052f23398076b3",
                "sha256:e0fd26b16394ead34a424eecf8a31a1f5137094cabe84a1bcb10fa6ba39d3d31",
                "sha256:e2bb4d3e5873c37bb3dd58714d4cd0b0e6238cebc4177ac8fe878f8b3aa8e74c",
                "sha256:eb026e5a4c1fee05726072337ff51d1efb6f59090b7da90d30ea58625b1ffb39",
                "sha256:eda3f5c2a021bbc5d976107bb302e0131351c2ba54343f8a496dc8783d3d3a6a",
                "sha256:ef592d4bad47296fb11f96cd7dc898b92e795032b4894dfb4076cfccd43a9308",
                "sha256:f141ee28a0ad2123b6611b6ceff018039df17f32ada8b534e6aa039545a3efb2",
                "sha256:f66d89ba397d92f840f8654756196d93804278457b5fbede59598a1f9f90b228",
                "sha256:f6f8e111843bbb0dee4cb6594cdc73e79b3329b526037ec242a3e49012495b3b",
                "sha256:fa8e459d4954f608fa26116118bb67f56b93b209c39b008277ace29937453dc9",
                "sha256:fd1aea04935a508f62e0d0ef1f5ae968774a32afc306fb8545e06f5ff5cdf3ad"
            ],
            "markers": "python_version >= '3.8'",
            "version": "==2.27.2"
        },
        "pymongo": {
            "hashes": [
                "sha256:051c741586ab6efafe72e027504ac4e5f01c88eceec579e4e1a438a369a61b0c",
                "sha256:0633536b31980a8af7262edb03a20df88d8aa0ad803e48c49609b6408a33486d",
                "sha256:07231d0bac54e32503507777719dd05ca63bc68896e64ea852edde2f1986b868",
                "sha256:07d40b831590bc458b624f421849c2b09ad2b9110b956f658b583fe01fe01c01",
                "sha256:0992917ed259f5ca3506ec8009e7c82d398737a4230a607bf44d102cae31e1d6",
                "sha256:0a434e081017be360595237cd1aeac3d047dd38e8785c549be80748608c1d4ca",
                "sha256:0f23f849693e829655f667ea18b87bf34e1395237eb45084f3495317d455beb2",
                "sha256:14f9e4d2172545798738d27bc6293b972c4f1f98cce248aa56e1e62c4c258ca7",
                "sha256:1b1aaccbcb4a5aaaa3acaabc59b30edd047c38c6cdfc97eb64e0611b6882a6d6",
                "sha256:1b992904ac78cb712b42c4b7348974ba1739137c1692cdf8bf75c3eeb22881a4",
                "sha256:1c9cbe81184ec81ad8c76ccedbf5b743639448008d68f51f9a3c8a9abe6d9a46",
                "sha256:2eaa0233858f72074bf0319f5034018092b43f19202bd7ecb822980c35bfd623",
                "sha256:2f2f0c3ab8284e0e2674367fa47774411212c86482bbbe78e8ae9fb223b8f6ee",
                "sha256:31b5ad4ce148b201fa8426d0767517dc68424c3380ef4a981038d4d4350f10ee",
                "sha256:33a936d3c1828e4f52bed3dad6191a3618cc28ab056e2770390aec88d9e9f9ea",
                "sha256:3742ffc1951bec1450a5a6a02cfd40ddd4b1c9416b36c70ae439a532e8be0e05",
                "sha256:3e8aa65a9e4a989245198c249816d86cb240221861b748db92b8b3a5356bd6f1",
                "sha256:40c55afb34788ae6a6b8c175421fa46a37cfc45de41fe4669d762c3b1bbda48e",
                "sha256:45e18bda802d95a2aed88e487f06becc3bd0b22286a25aeca8c46b8c64980dbb",
                "sha256:4a1c241d8424c0e5d66a1710ff2b691f361b5fd354754a086ddea99ee19cc2d3",
                "sha256:4b05e03a327cdef28ec2bb72c974d412d308f5cf867a472ef17f9ac95d18ec05",
                "sha256:505fb3facf54623b45c96e8e6ad6516f58bb8069f9456e1d7c0abdfdb6929c21",
                "sha256:5be1b35c4897626327c4e8bae14655807c2bc710504fa790bc19a72403142264",
                "sha256:5e53b98c9700bb69f33a322b648d028bfe223ad135fb04ec48c0226998b80d0e",
                "sha256:5f48b7faf4064e5f484989608a59503b11b7f134ca344635e416b1b12e7dc255",
                "sha256:62bcfa88deb4a6152a7c93bedd1a808497f6c2881424ca54c3c81964a51c5040",
                "sha256:65e8a397b03156880a099d55067daa1580a5333aaf4da3b0313bd7e1731e408f",
                "sha256:722f22bf18d208aa752591bde93e018065641711594e7a2fef0432da429264e8",
                "sha256:730fe9a6c432669fa69af0905a7a4835e5a3752363b2ae3b34007919003394cd",
                "sha256:73de1b9f416a2662ba95b4b49edc963d47b93760a7e2b561b932c8099d160151",
                "sha256:78f19598246dd61ba2a4fc4dddfa6a4f9af704fff7d81cb4fe0d02c7b17b1f68",
                "sha256:8464aff011208cf86eae28f4a3624ebc4a40783634e119b2b35852252b901ef3",
                "sha256:84b9300ed411fef776c60feab40f3ee03db5d0ac8921285c6e03a3e27efa2c20",
                "sha256:98017f006e047f5ed6c99c2cb1cac71534f0e11862beeff4d0bc9227189bedcd",
                "sha256:a19f186455e4b3af1e11ee877346418d18303800ecc688ef732b5725c2795f13",
                "sha256:a29294b508975a5dfd384f4b902cd121dc2b6e5d55ea2be2debffd2a63461cd9",
                "sha256:a30f1b9bf79f53f995198ed42bc9b675fc38e6ec30d8f6f7e53094085b5eb803",
                "sha256:a5b8b7ba9614a081d1f932724b7a6a20847f6c9629420ae81ce827db3b599af2",
                "sha256:afc7d1d2bd1997bb42fdba8a5a104198e4ff7990f096ac90353dcb87c69bb57f",
                "sha256:b3f20467d695f49ce4c2d6cb87de458ebb3d098cbc951834a74f36a2e992a6bb",
                "sha256:b6f24aec7c0cfcf0ea9f89e92b7d40ba18a1e18c134815758f111ecb0122e61c",
                "sha256:b9047ecb3bc47c43ada7d6f98baf8060c637b1e880c803a2bbd1dc63b49d2f92",
                "sha256:be60f63a310d0d2824e9fb2ef0f821bb45d23e73446af6d50bddda32564f285d",
                "sha256:be89776c5b8272437a85c904d45e0f1bbc0f21bf11688341938380843dd7fe5f",
                "sha256:c2240126683f55160f83f587d76955ad1e419a72d5c09539a509bd9d1e20bd53",
                "sha256:c237780760f891cae79abbfc52fda55b584492d5d9452762040aadb2c64ac691",
                "sha256:c4673d8ef0c8ef712491a750adf64f7998202a82abd72be5be749749275b3edb",
                "sha256:cd3f7bafe441135f58d2b91a312714f423e15fed5afe3854880c8c61ad78d3ce",
                "sha256:d0a91004029d1fc9e66a800e6da4170afaa9b93bcf41299e4b5951b837b3467a",
                "sha256:dafeddf1db51df19effd0828ae75492b15d60c7faec388da08f1fe9593c88e7a",
                "sha256:e1872a33f1d4266c14fae1dc4744b955d0ef5d6fad87cc72141d04d8c97245dc",
                "sha256:e24268e2d7ae96eab12161985b39e75a75185393134fc671f4bb1a16f50bf6f4",
                "sha256:e88e99f33a89e8f58f7401201e79e29f98b2da21d4082ba50eeae0828bb35451",
                "sha256:e9120e25ac468fda3e3a1749695e0c5e52ff2294334fcc81e70ccb65c897bb58",
                "sha256:f1a16ec731b42f6b2b4f1aa3a94e74ff2722aacf691922a2e8e607b7f6b8d9f1",
                "sha256:f1b943d1b13f1232cb92762c82a5154f02b01234db8d632ea9525ab042bd7619",
                "sha256:f618bd6ed5c3c08b350b157b1d9066d3d389785b7359d2b7b7d82ca4083595d3"
            ],
            "markers": "python_version >= '3.9'",
            "version": "==4.11.3"
        },
        "python-dotenv": {
            "hashes": [
                "sha256:e324ee90a023d808f1959c46bcbc04446a10ced277783dc6ee09987c37ec10ca",
                "sha256:f7b63ef50f1b690dddf550d03497b66d609393b40b564ed0d674909a68ebf16a"
            ],
            "markers": "python_version >= '3.8'",
            "version": "==1.0.1"
        },
        "sniffio": {
            "hashes": [
                "sha256:2f6da418d1f1e0fddd844478f41680e794e6051915791a034ff65e5f100525a2",
                "sha256:f4324edc670a0f49750a81b895f35c3adb843cca46f0530f79fc1babb23789dc"
            ],
            "markers": "python_version >= '3.7'",
            "version": "==1.3.1"
        },
        "starlette": {
            "hashes": [
                "sha256:3c88d58ee4bd1bb807c0d1acb381838afc7752f9ddaec81bbe4383611d833230",
                "sha256:77c74ed9d2720138b25875133f3a2dae6d854af2ec37dceb56aef370c1d8a227"
            ],
            "markers": "python_version >= '3.9'",
            "version": "==0.46.1"
        },
        "typing-extensions": {
            "hashes": [
                "sha256:04e5ca0351e0f3f85c6853954072df659d0d13fac324d0072316b67d7794700d",
                "sha256:1a7ead55c7e559dd4dee8856e3a88b41225abfe1ce8df57b7c13915fe121ffb8"
            ],
            "markers": "python_version >= '3.8'",
            "version": "==4.12.2"
        },
        "uvicorn": {
            "hashes": [
                "sha256:023dc038422502fa28a09c7a30bf2b6991512da7dcdb8fd35fe57cfc154126f4",
                "sha256:404051050cd7e905de2c9a7e61790943440b3416f49cb409f965d9dcd0fa73e9"
            ],
            "index": "pypi",
            "markers": "python_version >= '3.9'",
            "version": "==0.34.0"
        }
    },
    "develop": {}
}
